
Microsoft Visual Studio Solution File, Format Version 12.00
# Visual Studio Version 16
VisualStudioVersion = 16.0.31729.503
MinimumVisualStudioVersion = 10.0.40219.1
Project("{FAE04EC0-301F-11D3-BF4B-00C04F79EFBC}") = "OduncKitapAspNetMVCWebSolution_UI", "OduncKitapAspNetMVCWebSolution_UI\OduncKitapAspNetMVCWebSolution_UI.csproj", "{68021844-04BB-417A-A140-0FD23CD9CA9A}"
EndProject
Project("{FAE04EC0-301F-11D3-BF4B-00C04F79EFBC}") = "OduncKitapAspNetMVCWebSolution_BLL", "OduncKitapAspNetMVCWebSolution_BLL\OduncKitapAspNetMVCWebSolution_BLL.csproj", "{5BCD917E-BBEB-4740-ACE7-1E438444F39F}"
EndProject
Global
	GlobalSection(SolutionConfigurationPlatforms) = preSolution
		Debug|Any CPU = Debug|Any CPU
		Release|Any CPU = Release|Any CPU
	EndGlobalSection
	GlobalSection(ProjectConfigurationPlatforms) = postSolution
		{68021844-04BB-417A-A140-0FD23CD9CA9A}.Debug|Any CPU.ActiveCfg = Debug|Any CPU
		{68021844-04BB-417A-A140-0FD23CD9CA9A}.Debug|Any CPU.Build.0 = Debug|Any CPU
		{68021844-04BB-417A-A140-0FD23CD9CA9A}.Release|Any CPU.ActiveCfg = Release|Any CPU
		{68021844-04BB-417A-A140-0FD23CD9CA9A}.Release|Any CPU.Build.0 = Release|Any CPU
		{5BCD917E-BBEB-4740-ACE7-1E438444F39F}.Debug|Any CPU.ActiveCfg = Debug|Any CPU
		{5BCD917E-BBEB-4740-ACE7-1E438444F39F}.Debug|Any CPU.Build.0 = Debug|Any CPU
		{5BCD917E-BBEB-4740-ACE7-1E438444F39F}.Release|Any CPU.ActiveCfg = Release|Any CPU
		{5BCD917E-BBEB-4740-ACE7-1E438444F39F}.Release|Any CPU.Build.0 = Release|Any CPU
	EndGlobalSection
	GlobalSection(SolutionProperties) = preSolution
		HideSolutionNode = FALSE
	EndGlobalSection
	GlobalSection(ExtensibilityGlobals) = postSolution
		SolutionGuid = {C425EC75-CD80-4B5F-B3F1-97E97301633B}
	EndGlobalSection
EndGlobal
